// !$*UTF8*$!
{
	archiveVersion = 1;
	classes = {
	};
	objectVersion = 46;
	objects = {

/* Begin PBXBuildFile section */
		ED24CAC11C2FD95200FF9BF6 /* __Class__ViewManager.xib in Resources */ = {isa = PBXBuildFile; fileRef = ED24CAC01C2FD95200FF9BF6 /* __Class__ViewManager.xib */; };
		ED24CAC71C2FDA8800FF9BF6 /* __Class__LogicManager.swift in Sources */ = {isa = PBXBuildFile; fileRef = ED24CAC61C2FDA8800FF9BF6 /* __Class__LogicManager.swift */; };
		ED24CAC91C2FDAAC00FF9BF6 /* __Class__ViewModel.swift in Sources */ = {isa = PBXBuildFile; fileRef = ED24CAC81C2FDAAC00FF9BF6 /* __Class__ViewModel.swift */; };
		ED24CACB1C2FFB2D00FF9BF6 /* __Class__DomainObject.swift in Sources */ = {isa = PBXBuildFile; fileRef = ED24CACA1C2FFB2D00FF9BF6 /* __Class__DomainObject.swift */; };
		EDCB32521C2BA0BF00E17A76 /* AppDelegate.swift in Sources */ = {isa = PBXBuildFile; fileRef = EDCB32511C2BA0BF00E17A76 /* AppDelegate.swift */; };
		EDCB32541C2BA0BF00E17A76 /* __Class__ViewController.swift in Sources */ = {isa = PBXBuildFile; fileRef = EDCB32531C2BA0BF00E17A76 /* __Class__ViewController.swift */; };
		EDCB32591C2BA0BF00E17A76 /* Assets.xcassets in Resources */ = {isa = PBXBuildFile; fileRef = EDCB32581C2BA0BF00E17A76 /* Assets.xcassets */; };
		EDCB325C1C2BA0BF00E17A76 /* LaunchScreen.storyboard in Resources */ = {isa = PBXBuildFile; fileRef = EDCB325A1C2BA0BF00E17A76 /* LaunchScreen.storyboard */; };
		EDCB32661C2BA2CA00E17A76 /* __Class__ViewManager.swift in Sources */ = {isa = PBXBuildFile; fileRef = EDCB32651C2BA2CA00E17A76 /* __Class__ViewManager.swift */; };
/* End PBXBuildFile section */

/* Begin PBXFileReference section */
		ED24CAC01C2FD95200FF9BF6 /* __Class__ViewManager.xib */ = {isa = PBXFileReference; fileEncoding = 4; lastKnownFileType = file.xib; path = __Class__ViewManager.xib; sourceTree = "<group>"; };
		ED24CAC61C2FDA8800FF9BF6 /* __Class__LogicManager.swift */ = {isa = PBXFileReference; fileEncoding = 4; lastKnownFileType = sourcecode.swift; path = __Class__LogicManager.swift; sourceTree = "<group>"; };
		ED24CAC81C2FDAAC00FF9BF6 /* __Class__ViewModel.swift */ = {isa = PBXFileReference; fileEncoding = 4; lastKnownFileType = sourcecode.swift; path = __Class__ViewModel.swift; sourceTree = "<group>"; };
		ED24CACA1C2FFB2D00FF9BF6 /* __Class__DomainObject.swift */ = {isa = PBXFileReference; fileEncoding = 4; lastKnownFileType = sourcecode.swift; path = __Class__DomainObject.swift; sourceTree = "<group>"; };
		EDCB324E1C2BA0BF00E17A76 /* SwiftTemplate.app */ = {isa = PBXFileReference; explicitFileType = wrapper.application; includeInIndex = 0; path = SwiftTemplate.app; sourceTree = BUILT_PRODUCTS_DIR; };
		EDCB32511C2BA0BF00E17A76 /* AppDelegate.swift */ = {isa = PBXFileReference; lastKnownFileType = sourcecode.swift; path = AppDelegate.swift; sourceTree = "<group>"; };
		EDCB32531C2BA0BF00E17A76 /* __Class__ViewController.swift */ = {isa = PBXFileReference; lastKnownFileType = sourcecode.swift; path = __Class__ViewController.swift; sourceTree = "<group>"; };
		EDCB32581C2BA0BF00E17A76 /* Assets.xcassets */ = {isa = PBXFileReference; lastKnownFileType = folder.assetcatalog; path = Assets.xcassets; sourceTree = "<group>"; };
		EDCB325B1C2BA0BF00E17A76 /* Base */ = {isa = PBXFileReference; lastKnownFileType = file.storyboard; name = Base; path = Base.lproj/LaunchScreen.storyboard; sourceTree = "<group>"; };
		EDCB325D1C2BA0BF00E17A76 /* Info.plist */ = {isa = PBXFileReference; lastKnownFileType = text.plist.xml; path = Info.plist; sourceTree = "<group>"; };
		EDCB32651C2BA2CA00E17A76 /* __Class__ViewManager.swift */ = {isa = PBXFileReference; fileEncoding = 4; lastKnownFileType = sourcecode.swift; path = __Class__ViewManager.swift; sourceTree = "<group>"; };
/* End PBXFileReference section */

/* Begin PBXFrameworksBuildPhase section */
		EDCB324B1C2BA0BF00E17A76 /* Frameworks */ = {
			isa = PBXFrameworksBuildPhase;
			buildActionMask = 2147483647;
			files = (
			);
			runOnlyForDeploymentPostprocessing = 0;
		};
/* End PBXFrameworksBuildPhase section */

/* Begin PBXGroup section */
		EDCB32451C2BA0BF00E17A76 = {
			isa = PBXGroup;
			children = (
				EDCB32501C2BA0BF00E17A76 /* SwiftTemplate */,
				EDCB324F1C2BA0BF00E17A76 /* Products */,
			);
			sourceTree = "<group>";
		};
		EDCB324F1C2BA0BF00E17A76 /* Products */ = {
			isa = PBXGroup;
			children = (
				EDCB324E1C2BA0BF00E17A76 /* SwiftTemplate.app */,
			);
			name = Products;
			sourceTree = "<group>";
		};
		EDCB32501C2BA0BF00E17A76 /* SwiftTemplate */ = {
			isa = PBXGroup;
			children = (
				EDCB32511C2BA0BF00E17A76 /* AppDelegate.swift */,
				ED24CAC01C2FD95200FF9BF6 /* __Class__ViewManager.xib */,
				EDCB32651C2BA2CA00E17A76 /* __Class__ViewManager.swift */,
				EDCB32531C2BA0BF00E17A76 /* __Class__ViewController.swift */,
				ED24CAC61C2FDA8800FF9BF6 /* __Class__LogicManager.swift */,
				ED24CAC81C2FDAAC00FF9BF6 /* __Class__ViewModel.swift */,
				ED24CACA1C2FFB2D00FF9BF6 /* __Class__DomainObject.swift */,
				EDCB32581C2BA0BF00E17A76 /* Assets.xcassets */,
				EDCB325A1C2BA0BF00E17A76 /* LaunchScreen.storyboard */,
				EDCB325D1C2BA0BF00E17A76 /* Info.plist */,
			);
			path = SwiftTemplate;
			sourceTree = "<group>";
		};
/* End PBXGroup section */

/* Begin PBXNativeTarget section */
		EDCB324D1C2BA0BF00E17A76 /* SwiftTemplate */ = {
			isa = PBXNativeTarget;
			buildConfigurationList = EDCB32601C2BA0BF00E17A76 /* Build configuration list for PBXNativeTarget "SwiftTemplate" */;
			buildPhases = (
				EDCB324A1C2BA0BF00E17A76 /* Sources */,
				EDCB324B1C2BA0BF00E17A76 /* Frameworks */,
				EDCB324C1C2BA0BF00E17A76 /* Resources */,
			);
			buildRules = (
			);
			dependencies = (
			);
			name = SwiftTemplate;
			productName = SwiftTemplate;
			productReference = EDCB324E1C2BA0BF00E17A76 /* SwiftTemplate.app */;
			productType = "com.apple.product-type.application";
		};
/* End PBXNativeTarget section */

/* Begin PBXProject section */
		EDCB32461C2BA0BF00E17A76 /* Project object */ = {
			isa = PBXProject;
			attributes = {
				LastSwiftUpdateCheck = 0720;
				LastUpgradeCheck = 0720;
				ORGANIZATIONNAME = "Suraj Pathak";
				TargetAttributes = {
					EDCB324D1C2BA0BF00E17A76 = {
						CreatedOnToolsVersion = 7.2;
					};
				};
			};
			buildConfigurationList = EDCB32491C2BA0BF00E17A76 /* Build configuration list for PBXProject "SwiftTemplate" */;
			compatibilityVersion = "Xcode 3.2";
			developmentRegion = English;
			hasScannedForEncodings = 0;
			knownRegions = (
				en,
				Base,
			);
			mainGroup = EDCB32451C2BA0BF00E17A76;
			productRefGroup = EDCB324F1C2BA0BF00E17A76 /* Products */;
			projectDirPath = "";
			projectRoot = "";
			targets = (
				EDCB324D1C2BA0BF00E17A76 /* SwiftTemplate */,
			);
		};
/* End PBXProject section */

/* Begin PBXResourcesBuildPhase section */
		EDCB324C1C2BA0BF00E17A76 /* Resources */ = {
			isa = PBXResourcesBuildPhase;
			buildActionMask = 2147483647;
			files = (
				EDCB325C1C2BA0BF00E17A76 /* LaunchScreen.storyboard in Resources */,
				ED24CAC11C2FD95200FF9BF6 /* __Class__ViewManager.xib in Resources */,
				EDCB32591C2BA0BF00E17A76 /* Assets.xcassets in Resources */,
			);
			runOnlyForDeploymentPostprocessing = 0;
		};
/* End PBXResourcesBuildPhase section */

/* Begin PBXSourcesBuildPhase section */
		EDCB324A1C2BA0BF00E17A76 /* Sources */ = {
			isa = PBXSourcesBuildPhase;
			buildActionMask = 2147483647;
			files = (
				EDCB32541C2BA0BF00E17A76 /* __Class__ViewController.swift in Sources */,
				ED24CAC71C2FDA8800FF9BF6 /* __Class__LogicManager.swift in Sources */,
				ED24CAC91C2FDAAC00FF9BF6 /* __Class__ViewModel.swift in Sources */,
				EDCB32661C2BA2CA00E17A76 /* __Class__ViewManager.swift in Sources */,
				EDCB32521C2BA0BF00E17A76 /* AppDelegate.swift in Sources */,
				ED24CACB1C2FFB2D00FF9BF6 /* __Class__DomainObject.swift in Sources */,
			);
			runOnlyForDeploymentPostprocessing = 0;
		};
/* End PBXSourcesBuildPhase section */

/* Begin PBXVariantGroup section */
		EDCB325A1C2BA0BF00E17A76 /* LaunchScreen.storyboard */ = {
			isa = PBXVariantGroup;
			children = (
				EDCB325B1C2BA0BF00E17A76 /* Base */,
			);
			name = LaunchScreen.storyboard;
			sourceTree = "<group>";
		};
/* End PBXVariantGroup section */

/* Begin XCBuildConfiguration section */
		EDCB325E1C2BA0BF00E17A76 /* Debug */ = {
			isa = XCBuildConfiguration;
			buildSettings = {
				ALWAYS_SEARCH_USER_PATHS = NO;
				CLANG_CXX_LANGUAGE_STANDARD = "gnu++0x";
				CLANG_CXX_LIBRARY = "libc++";
				CLANG_ENABLE_MODULES = YES;
				CLANG_ENABLE_OBJC_ARC = YES;
				CLANG_WARN_BOOL_CONVERSION = YES;
				CLANG_WARN_CONSTANT_CONVERSION = YES;
				CLANG_WARN_DIRECT_OBJC_ISA_USAGE = YES_ERROR;
				CLANG_WARN_EMPTY_BODY = YES;
				CLANG_WARN_ENUM_CONVERSION = YES;
				CLANG_WARN_INT_CONVERSION = YES;
				CLANG_WARN_OBJC_ROOT_CLASS = YES_ERROR;
				CLANG_WARN_UNREACHABLE_CODE = YES;
				CLANG_WARN__DUPLICATE_METHOD_MATCH = YES;
				"CODE_SIGN_IDENTITY[sdk=iphoneos*]" = "iPhone Developer";
				COPY_PHASE_STRIP = NO;
				DEBUG_INFORMATION_FORMAT = dwarf;
				ENABLE_STRICT_OBJC_MSGSEND = YES;
				ENABLE_TESTABILITY = YES;
				GCC_C_LANGUAGE_STANDARD = gnu99;
				GCC_DYNAMIC_NO_PIC = NO;
				GCC_NO_COMMON_BLOCKS = YES;
				GCC_OPTIMIZATION_LEVEL = 0;
				GCC_PREPROCESSOR_DEFINITIONS = (
					"DEBUG=1",
					"$(inherited)",
				);
				GCC_WARN_64_TO_32_BIT_CONVERSION = YES;
				GCC_WARN_ABOUT_RETURN_TYPE = YES_ERROR;
				GCC_WARN_UNDECLARED_SELECTOR = YES;
				GCC_WARN_UNINITIALIZED_AUTOS = YES_AGGRESSIVE;
				GCC_WARN_UNUSED_FUNCTION = YES;
				GCC_WARN_UNUSED_VARIABLE = YES;
				IPHONEOS_DEPLOYMENT_TARGET = 9.2;
				MTL_ENABLE_DEBUG_INFO = YES;
				ONLY_ACTIVE_ARCH = YES;
				SDKROOT = iphoneos;
				SWIFT_OPTIMIZATION_LEVEL = "-Onone";
				TARGETED_DEVICE_FAMILY = "1,2";
			};
			name = Debug;
		};
		EDCB325F1C2BA0BF00E17A76 /* Release */ = {
			isa = XCBuildConfiguration;
			buildSettings = {
				ALWAYS_SEARCH_USER_PATHS = NO;
				CLANG_CXX_LANGUAGE_STANDARD = "gnu++0x";
				CLANG_CXX_LIBRARY = "libc++";
				CLANG_ENABLE_MODULES = YES;
				CLANG_ENABLE_OBJC_ARC = YES;
				CLANG_WARN_BOOL_CONVERSION = YES;
				CLANG_WARN_CONSTANT_CONVERSION = YES;
				CLANG_WARN_DIRECT_OBJC_ISA_USAGE = YES_ERROR;
				CLANG_WARN_EMPTY_BODY = YES;
				CLANG_WARN_ENUM_CONVERSION = YES;
				CLANG_WARN_INT_CONVERSION = YES;
				CLANG_WARN_OBJC_ROOT_CLASS = YES_ERROR;
				CLANG_WARN_UNREACHABLE_CODE = YES;
				CLANG_WARN__DUPLICATE_METHOD_MATCH = YES;
				"CODE_SIGN_IDENTITY[sdk=iphoneos*]" = "iPhone Developer";
				COPY_PHASE_STRIP = NO;
				DEBUG_INFORMATION_FORMAT = "dwarf-with-dsym";
				ENABLE_NS_ASSERTIONS = NO;
				ENABLE_STRICT_OBJC_MSGSEND = YES;
				GCC_C_LANGUAGE_STANDARD = gnu99;
				GCC_NO_COMMON_BLOCKS = YES;
				GCC_WARN_64_TO_32_BIT_CONVERSION = YES;
				GCC_WARN_ABOUT_RETURN_TYPE = YES_ERROR;
				GCC_WARN_UNDECLARED_SELECTOR = YES;
				GCC_WARN_UNINITIALIZED_AUTOS = YES_AGGRESSIVE;
				GCC_WARN_UNUSED_FUNCTION = YES;
				GCC_WARN_UNUSED_VARIABLE = YES;
				IPHONEOS_DEPLOYMENT_TARGET = 9.2;
				MTL_ENABLE_DEBUG_INFO = NO;
				SDKROOT = iphoneos;
				TARGETED_DEVICE_FAMILY = "1,2";
				VALIDATE_PRODUCT = YES;
			};
			name = Release;
		};
		EDCB32611C2BA0BF00E17A76 /* Debug */ = {
			isa = XCBuildConfiguration;
			buildSettings = {
				ASSETCATALOG_COMPILER_APPICON_NAME = AppIcon;
				INFOPLIST_FILE = SwiftTemplate/Info.plist;
				LD_RUNPATH_SEARCH_PATHS = "$(inherited) @executable_path/Frameworks";
				PRODUCT_BUNDLE_IDENTIFIER = sg.com.propertyguru.SwiftTemplate;
				PRODUCT_NAME = "$(TARGET_NAME)";
			};
			name = Debug;
		};
		EDCB32621C2BA0BF00E17A76 /* Release */ = {
			isa = XCBuildConfiguration;
			buildSettings = {
				ASSETCATALOG_COMPILER_APPICON_NAME = AppIcon;
				INFOPLIST_FILE = SwiftTemplate/Info.plist;
				LD_RUNPATH_SEARCH_PATHS = "$(inherited) @executable_path/Frameworks";
				PRODUCT_BUNDLE_IDENTIFIER = sg.com.propertyguru.SwiftTemplate;
				PRODUCT_NAME = "$(TARGET_NAME)";
			};
			name = Release;
		};
/* End XCBuildConfiguration section */

/* Begin XCConfigurationList section */
		EDCB32491C2BA0BF00E17A76 /* Build configuration list for PBXProject "SwiftTemplate" */ = {
			isa = XCConfigurationList;
			buildConfigurations = (
				EDCB325E1C2BA0BF00E17A76 /* Debug */,
				EDCB325F1C2BA0BF00E17A76 /* Release */,
			);
			defaultConfigurationIsVisible = 0;
			defaultConfigurationName = Release;
		};
		EDCB32601C2BA0BF00E17A76 /* Build configuration list for PBXNativeTarget "SwiftTemplate" */ = {
			isa = XCConfigurationList;
			buildConfigurations = (
				EDCB32611C2BA0BF00E17A76 /* Debug */,
				EDCB32621C2BA0BF00E17A76 /* Release */,
			);
			defaultConfigurationIsVisible = 0;
			defaultConfigurationName = Release;
		};
/* End XCConfigurationList section */
	};
	rootObject = EDCB32461C2BA0BF00E17A76 /* Project object */;
}
